
Microsoft Visual Studio Solution File, Format Version 12.00
# Visual Studio Version 17
VisualStudioVersion = 17.8.34525.116
MinimumVisualStudioVersion = 10.0.40219.1
Project("{9A19103F-16F7-4668-BE54-9A1E7A4F7556}") = "StepApp", "StepApp\StepApp.csproj", "{168923C7-B21E-42E7-8DC5-560131E18489}"
EndProject
Project("{FAE04EC0-301F-11D3-BF4B-00C04F79EFBC}") = "StepAppAdmin", "StepAppAdmin\StepAppAdmin.csproj", "{B42B8332-98FC-4159-8403-18107CF4B2E9}"
EndProject
Global
	GlobalSection(SolutionConfigurationPlatforms) = preSolution
		Debug|Any CPU = Debug|Any CPU
		Release|Any CPU = Release|Any CPU
	EndGlobalSection
	GlobalSection(ProjectConfigurationPlatforms) = postSolution
		{168923C7-B21E-42E7-8DC5-560131E18489}.Debug|Any CPU.ActiveCfg = Debug|Any CPU
		{168923C7-B21E-42E7-8DC5-560131E18489}.Debug|Any CPU.Build.0 = Debug|Any CPU
		{168923C7-B21E-42E7-8DC5-560131E18489}.Release|Any CPU.ActiveCfg = Release|Any CPU
		{168923C7-B21E-42E7-8DC5-560131E18489}.Release|Any CPU.Build.0 = Release|Any CPU
		{B42B8332-98FC-4159-8403-18107CF4B2E9}.Debug|Any CPU.ActiveCfg = Debug|Any CPU
		{B42B8332-98FC-4159-8403-18107CF4B2E9}.Debug|Any CPU.Build.0 = Debug|Any CPU
		{B42B8332-98FC-4159-8403-18107CF4B2E9}.Release|Any CPU.ActiveCfg = Release|Any CPU
		{B42B8332-98FC-4159-8403-18107CF4B2E9}.Release|Any CPU.Build.0 = Release|Any CPU
	EndGlobalSection
	GlobalSection(SolutionProperties) = preSolution
		HideSolutionNode = FALSE
	EndGlobalSection
	GlobalSection(ExtensibilityGlobals) = postSolution
		SolutionGuid = {791C4A4F-DB09-42F2-9417-379D128D4AD8}
	EndGlobalSection
EndGlobal
